
Microsoft Visual Studio Solution File, Format Version 12.00
# Visual Studio Version 16
VisualStudioVersion = 16.0.808.7
MinimumVisualStudioVersion = 10.0.40219.1
Project("{FAE04EC0-301F-11D3-BF4B-00C04F79EFBC}") = "Indeavor", "Indeavor\Indeavor.csproj", "{4F513582-D9C2-4424-BCEF-1162D6AAE294}"
EndProject
Global
	GlobalSection(SolutionConfigurationPlatforms) = preSolution
		Debug|Any CPU = Debug|Any CPU
		Release|Any CPU = Release|Any CPU
	EndGlobalSection
	GlobalSection(ProjectConfigurationPlatforms) = postSolution
		{4F513582-D9C2-4424-BCEF-1162D6AAE294}.Debug|Any CPU.ActiveCfg = Debug|Any CPU
		{4F513582-D9C2-4424-BCEF-1162D6AAE294}.Debug|Any CPU.Build.0 = Debug|Any CPU
		{4F513582-D9C2-4424-BCEF-1162D6AAE294}.Release|Any CPU.ActiveCfg = Release|Any CPU
		{4F513582-D9C2-4424-BCEF-1162D6AAE294}.Release|Any CPU.Build.0 = Release|Any CPU
	EndGlobalSection
	GlobalSection(SolutionProperties) = preSolution
		HideSolutionNode = FALSE
	EndGlobalSection
	GlobalSection(ExtensibilityGlobals) = postSolution
		SolutionGuid = {B390F341-9E38-4960-960E-D7DE7E6F0709}
	EndGlobalSection
EndGlobal
